<?xml version="1.0" encoding="UTF-8" standalone="yes" ?>
<CodeBlocks_project_file>
	<FileVersion major="1" minor="6" />
	<Project>
		<Option title="Nilorealibrary" />
		<Option makefile_is_custom="1" />
		<Option pch_mode="2" />
		<Option compiler="gcc" />
		<MakeCommands>
			<Build command="$make -f $makefile MSYSTEM=MINGW64CB" />
			<CompileFile command="$make -f $makefile $file MSYSTEM=MINGW64CB" />
			<Clean command="$make -f $makefile clean MSYSTEM=MINGW64CB" />
			<DistClean command="$make -f $makefile distclean$target" />
			<AskRebuildNeeded command="$make -q -f $makefile MSYSTEM=MINGW64CB" />
			<SilentBuild command="$make -f $makefile MSYSTEM=MINGW64CB &gt; $(CMD_NULL)" />
		</MakeCommands>
		<Build>
			<Target title="all">
				<Option output="nilorea32" prefix_auto="1" extension_auto="1" />
				<Option working_dir="" />
				<Option object_output="D:/DATA/PROG/LIB/obj" />
				<Option type="2" />
				<Option compiler="gcc" />
				<Option createDefFile="1" />
				<Compiler>
					<Add option="-O2" />
					<Add option="-Wall" />
				</Compiler>
				<Linker>
					<Add option="-s" />
				</Linker>
				<MakeCommands>
					<Build command="$make -f $makefile MSYSTEM=MINGW64CB" />
					<CompileFile command="$make -f $makefile $file MSYSTEM=MINGW64CB" />
					<Clean command="$make -f $makefile clean MSYSTEM=MINGW64CB" />
					<DistClean command="$make -f $makefile distclean$target" />
					<AskRebuildNeeded command="$make -q -f $makefile MSYSTEM=MINGW64CB" />
					<SilentBuild command="$make -f $makefile MSYSTEM=MINGW64CB &gt; $(CMD_NULL)" />
				</MakeCommands>
			</Target>
		</Build>
		<Unit filename=".gitignore" />
		<Unit filename=".gitlab-ci.yml" />
		<Unit filename=".jenkinsfile" />
		<Unit filename="CHANGELOG" />
		<Unit filename="Doxyfile" />
		<Unit filename="Makefile" />
		<Unit filename="README.md" />
		<Unit filename="examples/client.cfg" />
		<Unit filename="examples/ex_common.c">
			<Option compilerVar="CC" />
		</Unit>
		<Unit filename="examples/ex_configfile.c">
			<Option compilerVar="CC" />
		</Unit>
		<Unit filename="examples/ex_configfile.cfg" />
		<Unit filename="examples/ex_debug_mem.c">
			<Option compilerVar="CC" />
		</Unit>
		<Unit filename="examples/ex_exceptions.c">
			<Option compilerVar="CC" />
		</Unit>
		<Unit filename="examples/ex_gui.cfg" />
		<Unit filename="examples/ex_gui_netclient.c">
			<Option compilerVar="CC" />
		</Unit>
		<Unit filename="examples/ex_gui_netserver.c">
			<Option compilerVar="CC" />
		</Unit>
		<Unit filename="examples/ex_gui_particles.c">
			<Option compilerVar="CC" />
		</Unit>
		<Unit filename="examples/ex_hash.c">
			<Option compilerVar="CC" />
		</Unit>
		<Unit filename="examples/ex_list.c">
			<Option compilerVar="CC" />
		</Unit>
		<Unit filename="examples/ex_log.c">
			<Option compilerVar="CC" />
		</Unit>
		<Unit filename="examples/ex_monolith.c">
			<Option compilerVar="CC" />
		</Unit>
		<Unit filename="examples/ex_network.c">
			<Option compilerVar="CC" />
		</Unit>
		<Unit filename="examples/ex_network.h" />
		<Unit filename="examples/ex_nstr.c">
			<Option compilerVar="CC" />
		</Unit>
		<Unit filename="examples/ex_pcre.c">
			<Option compilerVar="CC" />
		</Unit>
		<Unit filename="examples/ex_signals.c">
			<Option compilerVar="CC" />
		</Unit>
		<Unit filename="examples/ex_threads.c">
			<Option compilerVar="CC" />
		</Unit>
		<Unit filename="examples/serveur.cfg" />
		<Unit filename="examples/valgrind-suppressions.cfg" />
		<Unit filename="include/nilorea.h" />
		<Unit filename="include/nilorea/n_3d.h" />
		<Unit filename="include/nilorea/n_allegro5.h" />
		<Unit filename="include/nilorea/n_anim.h" />
		<Unit filename="include/nilorea/n_common.h" />
		<Unit filename="include/nilorea/n_config_file.h" />
		<Unit filename="include/nilorea/n_debug_mem.h" />
		<Unit filename="include/nilorea/n_debug_mem_h.h" />
		<Unit filename="include/nilorea/n_enum.h" />
		<Unit filename="include/nilorea/n_exceptions.h" />
		<Unit filename="include/nilorea/n_games.h" />
		<Unit filename="include/nilorea/n_gfx.h" />
		<Unit filename="include/nilorea/n_hash.h" />
		<Unit filename="include/nilorea/n_iso_engine.h" />
		<Unit filename="include/nilorea/n_list.h" />
		<Unit filename="include/nilorea/n_log.h" />
		<Unit filename="include/nilorea/n_network.h" />
		<Unit filename="include/nilorea/n_network_msg.h" />
		<Unit filename="include/nilorea/n_nodup_log.h" />
		<Unit filename="include/nilorea/n_particles.h" />
		<Unit filename="include/nilorea/n_pcre.h" />
		<Unit filename="include/nilorea/n_signals.h" />
		<Unit filename="include/nilorea/n_stack.h" />
		<Unit filename="include/nilorea/n_str.h" />
		<Unit filename="include/nilorea/n_thread_pool.h" />
		<Unit filename="include/nilorea/n_time.h" />
		<Unit filename="include/nilorea/n_user.h" />
		<Unit filename="include/nilorea/n_zlib.h" />
		<Unit filename="mainpage.dox" />
		<Unit filename="make_linux.sh" />
		<Unit filename="src/n_3d.c">
			<Option compilerVar="CC" />
		</Unit>
		<Unit filename="src/n_allegro5.c">
			<Option compilerVar="CC" />
		</Unit>
		<Unit filename="src/n_anim.c">
			<Option compilerVar="CC" />
		</Unit>
		<Unit filename="src/n_common.c">
			<Option compilerVar="CC" />
		</Unit>
		<Unit filename="src/n_config_file.c">
			<Option compilerVar="CC" />
		</Unit>
		<Unit filename="src/n_debug_locks.c">
			<Option compilerVar="CC" />
		</Unit>
		<Unit filename="src/n_debug_mem.c">
			<Option compilerVar="CC" />
		</Unit>
		<Unit filename="src/n_exceptions.c">
			<Option compilerVar="CC" />
		</Unit>
		<Unit filename="src/n_games.c">
			<Option compilerVar="CC" />
		</Unit>
		<Unit filename="src/n_gfx.c">
			<Option compilerVar="CC" />
		</Unit>
		<Unit filename="src/n_hash.c">
			<Option compilerVar="CC" />
		</Unit>
		<Unit filename="src/n_iso_engine.c">
			<Option compilerVar="CC" />
		</Unit>
		<Unit filename="src/n_list.c">
			<Option compilerVar="CC" />
		</Unit>
		<Unit filename="src/n_log.c">
			<Option compilerVar="CC" />
		</Unit>
		<Unit filename="src/n_network.c">
			<Option compilerVar="CC" />
		</Unit>
		<Unit filename="src/n_network_msg.c">
			<Option compilerVar="CC" />
		</Unit>
		<Unit filename="src/n_nodup_log.c">
			<Option compilerVar="CC" />
		</Unit>
		<Unit filename="src/n_particles.c">
			<Option compilerVar="CC" />
		</Unit>
		<Unit filename="src/n_pcre.c">
			<Option compilerVar="CC" />
		</Unit>
		<Unit filename="src/n_signals.c">
			<Option compilerVar="CC" />
		</Unit>
		<Unit filename="src/n_stack.c">
			<Option compilerVar="CC" />
		</Unit>
		<Unit filename="src/n_str.c">
			<Option compilerVar="CC" />
		</Unit>
		<Unit filename="src/n_thread_pool.c">
			<Option compilerVar="CC" />
		</Unit>
		<Unit filename="src/n_time.c">
			<Option compilerVar="CC" />
		</Unit>
		<Unit filename="src/n_user.c">
			<Option compilerVar="CC" />
		</Unit>
		<Unit filename="src/n_zlib.c">
			<Option compilerVar="CC" />
		</Unit>
		<Unit filename="version.h" />
		<Extensions>
			<DoxyBlocks>
				<comment_style block="3" line="0" />
				<doxyfile_project />
				<doxyfile_build extract_all="1" extract_private="1" extract_static="1" />
				<doxyfile_warnings warn_if_undocumented="1" />
				<doxyfile_output />
				<doxyfile_dot class_diagrams="1" have_dot="1" />
				<general />
			</DoxyBlocks>
			<lib_finder disable_auto="1" />
		</Extensions>
	</Project>
</CodeBlocks_project_file>
